
Microsoft Visual Studio Solution File, Format Version 12.00
# Visual Studio Version 16
VisualStudioVersion = 16.0.30717.126
MinimumVisualStudioVersion = 10.0.40219.1
Project("{FAE04EC0-301F-11D3-BF4B-00C04F79EFBC}") = "DaysProgramV2", "DaysProgramV2\DaysProgramV2.csproj", "{CBF550F1-BD7F-4784-B7FF-EB64F7830E76}"
EndProject
Global
	GlobalSection(SolutionConfigurationPlatforms) = preSolution
		Debug|Any CPU = Debug|Any CPU
		Release|Any CPU = Release|Any CPU
	EndGlobalSection
	GlobalSection(ProjectConfigurationPlatforms) = postSolution
		{CBF550F1-BD7F-4784-B7FF-EB64F7830E76}.Debug|Any CPU.ActiveCfg = Debug|Any CPU
		{CBF550F1-BD7F-4784-B7FF-EB64F7830E76}.Debug|Any CPU.Build.0 = Debug|Any CPU
		{CBF550F1-BD7F-4784-B7FF-EB64F7830E76}.Release|Any CPU.ActiveCfg = Release|Any CPU
		{CBF550F1-BD7F-4784-B7FF-EB64F7830E76}.Release|Any CPU.Build.0 = Release|Any CPU
	EndGlobalSection
	GlobalSection(SolutionProperties) = preSolution
		HideSolutionNode = FALSE
	EndGlobalSection
	GlobalSection(ExtensibilityGlobals) = postSolution
		SolutionGuid = {09EE1C5D-DD12-4627-822E-1A462CD1414A}
	EndGlobalSection
EndGlobal
